{
  "version": 4,
  "terraform_version": "1.7.5",
  "serial": 42,
  "lineage": "6d0b2cd3-5a34-1748-2e94-a93d617af454",
  "outputs": {
    "alb_dns_name": {
      "value": "z-task10-alb-1001796322.eu-north-1.elb.amazonaws.com",
      "type": "string"
    },
    "ecs_cluster_name": {
      "value": "z-task10-cluster",
      "type": "string"
    },
    "ecs_service_name": {
      "value": "z-task10-service",
      "type": "string"
    }
  },
  "resources": [
    {
      "mode": "data",
      "type": "aws_db_instance",
      "name": "z_task9_db",
      "provider": "provider[\"registry.terraform.io/hashicorp/aws\"]",
      "instances": [
        {
          "schema_version": 0,
          "attributes": {
            "address": "z-task9-db.cbckueeio52t.eu-north-1.rds.amazonaws.com",
            "allocated_storage": 20,
            "auto_minor_version_upgrade": true,
            "availability_zone": "eu-north-1a",
            "backup_retention_period": 0,
            "ca_cert_identifier": "rds-ca-rsa2048-g1",
            "database_insights_mode": "standard",
            "db_cluster_identifier": "",
            "db_instance_arn": "arn:aws:rds:eu-north-1:607700977843:db:z-task9-db",
            "db_instance_class": "db.t3.micro",
            "db_instance_identifier": "z-task9-db",
            "db_instance_port": 0,
            "db_name": "strapidb",
            "db_parameter_groups": [
              "z-postgres11-param-group"
            ],
            "db_subnet_group": "z-db-subnet-group",
            "enabled_cloudwatch_logs_exports": [],
            "endpoint": "z-task9-db.cbckueeio52t.eu-north-1.rds.amazonaws.com:5432",
            "engine": "postgres",
            "engine_version": "11.22-rds.20240418",
            "hosted_zone_id": "Z3MPDEQW7KHUGY",
            "id": "z-task9-db",
            "iops": 0,
            "kms_key_id": "",
            "license_model": "postgresql-license",
            "master_user_secret": null,
            "master_username": "strapiadmin",
            "max_allocated_storage": 0,
            "monitoring_interval": 0,
            "monitoring_role_arn": "",
            "multi_az": false,
            "network_type": "IPV4",
            "option_group_memberships": [
              "default:postgres-11"
            ],
            "port": 5432,
            "preferred_backup_window": "03:50-04:20",
            "preferred_maintenance_window": "sun:00:45-sun:01:15",
            "publicly_accessible": true,
            "region": "eu-north-1",
            "replicate_source_db": "",
            "resource_id": "db-WJUONTJBVXHATEWCN64IN7QVOQ",
            "storage_encrypted": false,
            "storage_throughput": 0,
            "storage_type": "gp2",
            "tags": {
              "Name": "z-strapi-db"
            },
            "timezone": "",
            "vpc_security_groups": [
              "sg-09ad3ae9c6c734f4f"
            ]
          },
          "sensitive_attributes": []
        }
      ]
    },
    {
      "mode": "managed",
      "type": "aws_cloudwatch_log_group",
      "name": "z-task10-log-group",
      "provider": "provider[\"registry.terraform.io/hashicorp/aws\"]",
      "instances": [
        {
          "schema_version": 0,
          "attributes": {
            "arn": "arn:aws:logs:eu-north-1:607700977843:log-group:/ecs/z-task10",
            "id": "/ecs/z-task10",
            "kms_key_id": "",
            "log_group_class": "STANDARD",
            "name": "/ecs/z-task10",
            "name_prefix": "",
            "region": "eu-north-1",
            "retention_in_days": 7,
            "skip_destroy": false,
            "tags": {},
            "tags_all": {}
          },
          "sensitive_attributes": [],
          "private": "bnVsbA=="
        }
      ]
    },
    {
      "mode": "managed",
      "type": "aws_ecs_cluster",
      "name": "z-task10-cluster",
      "provider": "provider[\"registry.terraform.io/hashicorp/aws\"]",
      "instances": [
        {
          "schema_version": 0,
          "attributes": {
            "arn": "arn:aws:ecs:eu-north-1:607700977843:cluster/z-task10-cluster",
            "configuration": [],
            "id": "arn:aws:ecs:eu-north-1:607700977843:cluster/z-task10-cluster",
            "name": "z-task10-cluster",
            "region": "eu-north-1",
            "service_connect_defaults": [],
            "setting": [
              {
                "name": "containerInsights",
                "value": "disabled"
              }
            ],
            "tags": {},
            "tags_all": {}
          },
          "sensitive_attributes": [],
          "private": "bnVsbA=="
        }
      ]
    },
    {
      "mode": "managed",
      "type": "aws_ecs_cluster",
      "name": "z_task10_cluster",
      "provider": "provider[\"registry.terraform.io/hashicorp/aws\"]",
      "instances": [
        {
          "schema_version": 0,
          "attributes": {
            "arn": "arn:aws:ecs:eu-north-1:607700977843:cluster/z-task10-cluster",
            "configuration": [],
            "id": "arn:aws:ecs:eu-north-1:607700977843:cluster/z-task10-cluster",
            "name": "z-task10-cluster",
            "region": "eu-north-1",
            "service_connect_defaults": [],
            "setting": [
              {
                "name": "containerInsights",
                "value": "disabled"
              }
            ],
            "tags": {},
            "tags_all": {}
          },
          "sensitive_attributes": [],
          "private": "bnVsbA=="
        }
      ]
    },
    {
      "mode": "managed",
      "type": "aws_ecs_service",
      "name": "z-task10-service",
      "provider": "provider[\"registry.terraform.io/hashicorp/aws\"]",
      "instances": [
        {
          "schema_version": 1,
          "attributes": {
            "alarms": [],
            "arn": "arn:aws:ecs:eu-north-1:607700977843:service/z-task10-cluster/z-task10-service",
            "availability_zone_rebalancing": "DISABLED",
            "capacity_provider_strategy": [
              {
                "base": 0,
                "capacity_provider": "FARGATE_SPOT",
                "weight": 1
              }
            ],
            "cluster": "arn:aws:ecs:eu-north-1:607700977843:cluster/z-task10-cluster",
            "deployment_circuit_breaker": [
              {
                "enable": false,
                "rollback": false
              }
            ],
            "deployment_configuration": [],
            "deployment_controller": [
              {
                "type": "ECS"
              }
            ],
            "deployment_maximum_percent": 200,
            "deployment_minimum_healthy_percent": 100,
            "desired_count": 1,
            "enable_ecs_managed_tags": false,
            "enable_execute_command": false,
            "force_delete": null,
            "force_new_deployment": null,
            "health_check_grace_period_seconds": 0,
            "iam_role": "/aws-service-role/ecs.amazonaws.com/AWSServiceRoleForECS",
            "id": "arn:aws:ecs:eu-north-1:607700977843:service/z-task10-cluster/z-task10-service",
            "launch_type": "",
            "load_balancer": [
              {
                "advanced_configuration": [],
                "container_name": "strapi",
                "container_port": 1337,
                "elb_name": "",
                "target_group_arn": "arn:aws:elasticloadbalancing:eu-north-1:607700977843:targetgroup/z-task10-tgv/6c6ccc0ebd715753"
              }
            ],
            "name": "z-task10-service",
            "network_configuration": [
              {
                "assign_public_ip": true,
                "security_groups": [
                  "sg-0c9c61df5971e3414"
                ],
                "subnets": [
                  "subnet-086c3ae98cdde3671",
                  "subnet-0da2d6106d23b40c7",
                  "subnet-0dc58017a9436f23d"
                ]
              }
            ],
            "ordered_placement_strategy": [],
            "placement_constraints": [],
            "platform_version": "LATEST",
            "propagate_tags": "NONE",
            "region": "eu-north-1",
            "scheduling_strategy": "REPLICA",
            "service_connect_configuration": [],
            "service_registries": [],
            "tags": {},
            "tags_all": {},
            "task_definition": "arn:aws:ecs:eu-north-1:607700977843:task-definition/z-task10-task:2",
            "timeouts": null,
            "triggers": {},
            "volume_configuration": [],
            "vpc_lattice_configurations": [],
            "wait_for_steady_state": false
          },
          "sensitive_attributes": [],
          "private": "eyJlMmJmYjczMC1lY2FhLTExZTYtOGY4OC0zNDM2M2JjN2M0YzAiOnsiY3JlYXRlIjoxMjAwMDAwMDAwMDAwLCJkZWxldGUiOjEyMDAwMDAwMDAwMDAsInVwZGF0ZSI6MTIwMDAwMDAwMDAwMH0sInNjaGVtYV92ZXJzaW9uIjoiMSJ9",
          "dependencies": [
            "aws_ecs_cluster.z-task10-cluster",
            "aws_ecs_task_definition.z-task10-task",
            "aws_iam_role.z-task10-execution-role",
            "aws_lb.z-task10-alb",
            "aws_lb_listener.z-task10-listener",
            "aws_lb_target_group.z-task10-target-group"
          ]
        }
      ]
    },
    {
      "mode": "managed",
      "type": "aws_ecs_task_definition",
      "name": "z-task10-task",
      "provider": "provider[\"registry.terraform.io/hashicorp/aws\"]",
      "instances": [
        {
          "schema_version": 1,
          "attributes": {
            "arn": "arn:aws:ecs:eu-north-1:607700977843:task-definition/z-task10-task:2",
            "arn_without_revision": "arn:aws:ecs:eu-north-1:607700977843:task-definition/z-task10-task",
            "container_definitions": "[{\"environment\":[{\"name\":\"DATABASE_CLIENT\",\"value\":\"postgres\"},{\"name\":\"DATABASE_HOST\",\"value\":\"z-task9-db.cluster-czvkm7xxx.eu-north-1.rds.amazonaws.com\"},{\"name\":\"DATABASE_NAME\",\"value\":\"strapidb\"},{\"name\":\"DATABASE_PASSWORD\",\"value\":\"yourSecurePassword123!\"},{\"name\":\"DATABASE_PORT\",\"value\":\"5432\"},{\"name\":\"DATABASE_USERNAME\",\"value\":\"strapiadmin\"}],\"essential\":true,\"image\":\"zayn63/strapi-task10:latest\",\"mountPoints\":[],\"name\":\"strapi\",\"portMappings\":[{\"containerPort\":1337,\"hostPort\":1337,\"protocol\":\"tcp\"}],\"systemControls\":[],\"volumesFrom\":[]}]",
            "cpu": "512",
            "enable_fault_injection": false,
            "ephemeral_storage": [],
            "execution_role_arn": "arn:aws:iam::607700977843:role/z-task10-execution-role",
            "family": "z-task10-task",
            "id": "z-task10-task",
            "ipc_mode": "",
            "memory": "1024",
            "network_mode": "awsvpc",
            "pid_mode": "",
            "placement_constraints": [],
            "proxy_configuration": [],
            "region": "eu-north-1",
            "requires_compatibilities": [
              "FARGATE"
            ],
            "revision": 2,
            "runtime_platform": [],
            "skip_destroy": false,
            "tags": {},
            "tags_all": {},
            "task_role_arn": "arn:aws:iam::607700977843:role/z-task10-execution-role",
            "track_latest": false,
            "volume": []
          },
          "sensitive_attributes": [],
          "private": "eyJzY2hlbWFfdmVyc2lvbiI6IjEifQ==",
          "dependencies": [
            "aws_iam_role.z-task10-execution-role"
          ]
        }
      ]
    },
    {
      "mode": "managed",
      "type": "aws_ecs_task_definition",
      "name": "z_task10_task",
      "provider": "provider[\"registry.terraform.io/hashicorp/aws\"]",
      "instances": [
        {
          "schema_version": 1,
          "attributes": {
            "arn": "arn:aws:ecs:eu-north-1:607700977843:task-definition/z-task10-task:1",
            "arn_without_revision": "arn:aws:ecs:eu-north-1:607700977843:task-definition/z-task10-task",
            "container_definitions": "[{\"environment\":[{\"name\":\"DATABASE_CLIENT\",\"value\":\"postgres\"},{\"name\":\"DATABASE_HOST\",\"value\":\"z-task9-db.cluster-czvkm7xxx.eu-north-1.rds.amazonaws.com\"},{\"name\":\"DATABASE_NAME\",\"value\":\"strapidb\"},{\"name\":\"DATABASE_PASSWORD\",\"value\":\"yourSecurePassword123!\"},{\"name\":\"DATABASE_PORT\",\"value\":\"5432\"},{\"name\":\"DATABASE_USERNAME\",\"value\":\"strapiadmin\"}],\"essential\":true,\"image\":\"zayn63/strapi-task10:latest\",\"mountPoints\":[],\"name\":\"strapi\",\"portMappings\":[{\"containerPort\":1337,\"hostPort\":1337,\"protocol\":\"tcp\"}],\"systemControls\":[],\"volumesFrom\":[]}]",
            "cpu": "512",
            "enable_fault_injection": false,
            "ephemeral_storage": [],
            "execution_role_arn": "arn:aws:iam::607700977843:role/z-task10-task-execution-role",
            "family": "z-task10-task",
            "id": "z-task10-task",
            "ipc_mode": "",
            "memory": "1024",
            "network_mode": "awsvpc",
            "pid_mode": "",
            "placement_constraints": [],
            "proxy_configuration": [],
            "region": "eu-north-1",
            "requires_compatibilities": [
              "FARGATE"
            ],
            "revision": 1,
            "runtime_platform": [],
            "skip_destroy": false,
            "tags": {},
            "tags_all": {},
            "task_role_arn": "",
            "track_latest": false,
            "volume": []
          },
          "sensitive_attributes": [],
          "private": "eyJzY2hlbWFfdmVyc2lvbiI6IjEifQ==",
          "dependencies": [
            "aws_iam_role.z_task10_task_execution_role"
          ]
        }
      ]
    },
    {
      "mode": "managed",
      "type": "aws_iam_role",
      "name": "z-task10-execution-role",
      "provider": "provider[\"registry.terraform.io/hashicorp/aws\"]",
      "instances": [
        {
          "schema_version": 0,
          "attributes": {
            "arn": "arn:aws:iam::607700977843:role/z-task10-execution-role",
            "assume_role_policy": "{\"Statement\":[{\"Action\":\"sts:AssumeRole\",\"Effect\":\"Allow\",\"Principal\":{\"Service\":\"ecs-tasks.amazonaws.com\"}}],\"Version\":\"2012-10-17\"}",
            "create_date": "2025-08-07T13:36:46Z",
            "description": "",
            "force_detach_policies": false,
            "id": "z-task10-execution-role",
            "inline_policy": [],
            "managed_policy_arns": [
              "arn:aws:iam::aws:policy/service-role/AmazonECSTaskExecutionRolePolicy"
            ],
            "max_session_duration": 3600,
            "name": "z-task10-execution-role",
            "name_prefix": "",
            "path": "/",
            "permissions_boundary": "",
            "tags": {},
            "tags_all": {},
            "unique_id": "AROAY27ONBCZ5L2CSVRCX"
          },
          "sensitive_attributes": [],
          "private": "bnVsbA=="
        }
      ]
    },
    {
      "mode": "managed",
      "type": "aws_iam_role",
      "name": "z-task10-task-role",
      "provider": "provider[\"registry.terraform.io/hashicorp/aws\"]",
      "instances": [
        {
          "schema_version": 0,
          "attributes": {
            "arn": "arn:aws:iam::607700977843:role/z-task10-task-role",
            "assume_role_policy": "{\"Statement\":[{\"Action\":\"sts:AssumeRole\",\"Effect\":\"Allow\",\"Principal\":{\"Service\":\"ecs-tasks.amazonaws.com\"}}],\"Version\":\"2012-10-17\"}",
            "create_date": "2025-08-07T13:36:46Z",
            "description": "",
            "force_detach_policies": false,
            "id": "z-task10-task-role",
            "inline_policy": [],
            "managed_policy_arns": [],
            "max_session_duration": 3600,
            "name": "z-task10-task-role",
            "name_prefix": "",
            "path": "/",
            "permissions_boundary": "",
            "tags": {},
            "tags_all": {},
            "unique_id": "AROAY27ONBCZR22B6PMOC"
          },
          "sensitive_attributes": [],
          "private": "bnVsbA=="
        }
      ]
    },
    {
      "mode": "managed",
      "type": "aws_iam_role",
      "name": "z_task10_task_execution_role",
      "provider": "provider[\"registry.terraform.io/hashicorp/aws\"]",
      "instances": [
        {
          "schema_version": 0,
          "attributes": {
            "arn": "arn:aws:iam::607700977843:role/z-task10-task-execution-role",
            "assume_role_policy": "{\"Statement\":[{\"Action\":\"sts:AssumeRole\",\"Effect\":\"Allow\",\"Principal\":{\"Service\":\"ecs-tasks.amazonaws.com\"}}],\"Version\":\"2012-10-17\"}",
            "create_date": "2025-08-07T13:36:46Z",
            "description": "",
            "force_detach_policies": false,
            "id": "z-task10-task-execution-role",
            "inline_policy": [],
            "managed_policy_arns": [
              "arn:aws:iam::aws:policy/service-role/AmazonECSTaskExecutionRolePolicy"
            ],
            "max_session_duration": 3600,
            "name": "z-task10-task-execution-role",
            "name_prefix": "",
            "path": "/",
            "permissions_boundary": "",
            "tags": {},
            "tags_all": {},
            "unique_id": "AROAY27ONBCZ4S5KKY7JK"
          },
          "sensitive_attributes": [],
          "private": "bnVsbA=="
        }
      ]
    },
    {
      "mode": "managed",
      "type": "aws_iam_role_policy_attachment",
      "name": "z-task10-execution-policy",
      "provider": "provider[\"registry.terraform.io/hashicorp/aws\"]",
      "instances": [
        {
          "schema_version": 0,
          "attributes": {
            "id": "z-task10-execution-role/arn:aws:iam::aws:policy/service-role/AmazonECSTaskExecutionRolePolicy",
            "policy_arn": "arn:aws:iam::aws:policy/service-role/AmazonECSTaskExecutionRolePolicy",
            "role": "z-task10-execution-role"
          },
          "sensitive_attributes": [],
          "private": "bnVsbA==",
          "dependencies": [
            "aws_iam_role.z-task10-execution-role"
          ]
        }
      ]
    },
    {
      "mode": "managed",
      "type": "aws_iam_role_policy_attachment",
      "name": "z_task10_execution_role_policy",
      "provider": "provider[\"registry.terraform.io/hashicorp/aws\"]",
      "instances": [
        {
          "schema_version": 0,
          "attributes": {
            "id": "z-task10-task-execution-role/arn:aws:iam::aws:policy/service-role/AmazonECSTaskExecutionRolePolicy",
            "policy_arn": "arn:aws:iam::aws:policy/service-role/AmazonECSTaskExecutionRolePolicy",
            "role": "z-task10-task-execution-role"
          },
          "sensitive_attributes": [],
          "private": "bnVsbA==",
          "dependencies": [
            "aws_iam_role.z_task10_task_execution_role"
          ]
        }
      ]
    },
    {
      "mode": "managed",
      "type": "aws_lb",
      "name": "z-task10-alb",
      "provider": "provider[\"registry.terraform.io/hashicorp/aws\"]",
      "instances": [
        {
          "schema_version": 0,
          "attributes": {
            "access_logs": [
              {
                "bucket": "",
                "enabled": false,
                "prefix": ""
              }
            ],
            "arn": "arn:aws:elasticloadbalancing:eu-north-1:607700977843:loadbalancer/app/z-task10-alb/41ef2a9a7275380b",
            "arn_suffix": "app/z-task10-alb/41ef2a9a7275380b",
            "client_keep_alive": 3600,
            "connection_logs": [
              {
                "bucket": "",
                "enabled": false,
                "prefix": ""
              }
            ],
            "customer_owned_ipv4_pool": "",
            "desync_mitigation_mode": "defensive",
            "dns_name": "z-task10-alb-1001796322.eu-north-1.elb.amazonaws.com",
            "dns_record_client_routing_policy": null,
            "drop_invalid_header_fields": false,
            "enable_cross_zone_load_balancing": true,
            "enable_deletion_protection": false,
            "enable_http2": true,
            "enable_tls_version_and_cipher_suite_headers": false,
            "enable_waf_fail_open": false,
            "enable_xff_client_port": false,
            "enable_zonal_shift": false,
            "enforce_security_group_inbound_rules_on_private_link_traffic": "",
            "id": "arn:aws:elasticloadbalancing:eu-north-1:607700977843:loadbalancer/app/z-task10-alb/41ef2a9a7275380b",
            "idle_timeout": 60,
            "internal": false,
            "ip_address_type": "ipv4",
            "ipam_pools": [],
            "load_balancer_type": "application",
            "minimum_load_balancer_capacity": [],
            "name": "z-task10-alb",
            "name_prefix": "",
            "preserve_host_header": false,
            "region": "eu-north-1",
            "security_groups": [
              "sg-0c9c61df5971e3414"
            ],
            "subnet_mapping": [
              {
                "allocation_id": "",
                "ipv6_address": "",
                "outpost_id": "",
                "private_ipv4_address": "",
                "subnet_id": "subnet-086c3ae98cdde3671"
              },
              {
                "allocation_id": "",
                "ipv6_address": "",
                "outpost_id": "",
                "private_ipv4_address": "",
                "subnet_id": "subnet-0da2d6106d23b40c7"
              },
              {
                "allocation_id": "",
                "ipv6_address": "",
                "outpost_id": "",
                "private_ipv4_address": "",
                "subnet_id": "subnet-0dc58017a9436f23d"
              }
            ],
            "subnets": [
              "subnet-086c3ae98cdde3671",
              "subnet-0da2d6106d23b40c7",
              "subnet-0dc58017a9436f23d"
            ],
            "tags": {},
            "tags_all": {},
            "timeouts": null,
            "vpc_id": "vpc-065cf6d69ad9fbf22",
            "xff_header_processing_mode": "append",
            "zone_id": "Z23TAZ6LKFMNIO"
          },
          "sensitive_attributes": [],
          "private": "eyJlMmJmYjczMC1lY2FhLTExZTYtOGY4OC0zNDM2M2JjN2M0YzAiOnsiY3JlYXRlIjo2MDAwMDAwMDAwMDAsImRlbGV0ZSI6NjAwMDAwMDAwMDAwLCJ1cGRhdGUiOjYwMDAwMDAwMDAwMH19"
        }
      ]
    },
    {
      "mode": "managed",
      "type": "aws_lb",
      "name": "z_task10_alb",
      "provider": "provider[\"registry.terraform.io/hashicorp/aws\"]",
      "instances": [
        {
          "schema_version": 0,
          "attributes": {
            "access_logs": [
              {
                "bucket": "",
                "enabled": false,
                "prefix": ""
              }
            ],
            "arn": "arn:aws:elasticloadbalancing:eu-north-1:607700977843:loadbalancer/app/z-task10-alb/41ef2a9a7275380b",
            "arn_suffix": "app/z-task10-alb/41ef2a9a7275380b",
            "client_keep_alive": 3600,
            "connection_logs": [
              {
                "bucket": "",
                "enabled": false,
                "prefix": ""
              }
            ],
            "customer_owned_ipv4_pool": "",
            "desync_mitigation_mode": "defensive",
            "dns_name": "z-task10-alb-1001796322.eu-north-1.elb.amazonaws.com",
            "dns_record_client_routing_policy": null,
            "drop_invalid_header_fields": false,
            "enable_cross_zone_load_balancing": true,
            "enable_deletion_protection": false,
            "enable_http2": true,
            "enable_tls_version_and_cipher_suite_headers": false,
            "enable_waf_fail_open": false,
            "enable_xff_client_port": false,
            "enable_zonal_shift": false,
            "enforce_security_group_inbound_rules_on_private_link_traffic": "",
            "id": "arn:aws:elasticloadbalancing:eu-north-1:607700977843:loadbalancer/app/z-task10-alb/41ef2a9a7275380b",
            "idle_timeout": 60,
            "internal": false,
            "ip_address_type": "ipv4",
            "ipam_pools": [],
            "load_balancer_type": "application",
            "minimum_load_balancer_capacity": [],
            "name": "z-task10-alb",
            "name_prefix": "",
            "preserve_host_header": false,
            "region": "eu-north-1",
            "security_groups": [
              "sg-0c9c61df5971e3414"
            ],
            "subnet_mapping": [
              {
                "allocation_id": "",
                "ipv6_address": "",
                "outpost_id": "",
                "private_ipv4_address": "",
                "subnet_id": "subnet-086c3ae98cdde3671"
              },
              {
                "allocation_id": "",
                "ipv6_address": "",
                "outpost_id": "",
                "private_ipv4_address": "",
                "subnet_id": "subnet-0da2d6106d23b40c7"
              },
              {
                "allocation_id": "",
                "ipv6_address": "",
                "outpost_id": "",
                "private_ipv4_address": "",
                "subnet_id": "subnet-0dc58017a9436f23d"
              }
            ],
            "subnets": [
              "subnet-086c3ae98cdde3671",
              "subnet-0da2d6106d23b40c7",
              "subnet-0dc58017a9436f23d"
            ],
            "tags": {},
            "tags_all": {},
            "timeouts": null,
            "vpc_id": "vpc-065cf6d69ad9fbf22",
            "xff_header_processing_mode": "append",
            "zone_id": "Z23TAZ6LKFMNIO"
          },
          "sensitive_attributes": [],
          "private": "eyJlMmJmYjczMC1lY2FhLTExZTYtOGY4OC0zNDM2M2JjN2M0YzAiOnsiY3JlYXRlIjo2MDAwMDAwMDAwMDAsImRlbGV0ZSI6NjAwMDAwMDAwMDAwLCJ1cGRhdGUiOjYwMDAwMDAwMDAwMH19"
        }
      ]
    },
    {
      "mode": "managed",
      "type": "aws_lb_listener",
      "name": "z-task10-listener",
      "provider": "provider[\"registry.terraform.io/hashicorp/aws\"]",
      "instances": [
        {
          "schema_version": 0,
          "attributes": {
            "alpn_policy": null,
            "arn": "arn:aws:elasticloadbalancing:eu-north-1:607700977843:listener/app/z-task10-alb/41ef2a9a7275380b/2bc7412a61ca07e0",
            "certificate_arn": null,
            "default_action": [
              {
                "authenticate_cognito": [],
                "authenticate_oidc": [],
                "fixed_response": [],
                "forward": [],
                "order": 1,
                "redirect": [],
                "target_group_arn": "arn:aws:elasticloadbalancing:eu-north-1:607700977843:targetgroup/z-task10-tgv/6c6ccc0ebd715753",
                "type": "forward"
              }
            ],
            "id": "arn:aws:elasticloadbalancing:eu-north-1:607700977843:listener/app/z-task10-alb/41ef2a9a7275380b/2bc7412a61ca07e0",
            "load_balancer_arn": "arn:aws:elasticloadbalancing:eu-north-1:607700977843:loadbalancer/app/z-task10-alb/41ef2a9a7275380b",
            "mutual_authentication": [],
            "port": 80,
            "protocol": "HTTP",
            "region": "eu-north-1",
            "routing_http_request_x_amzn_mtls_clientcert_header_name": null,
            "routing_http_request_x_amzn_mtls_clientcert_issuer_header_name": null,
            "routing_http_request_x_amzn_mtls_clientcert_leaf_header_name": null,
            "routing_http_request_x_amzn_mtls_clientcert_serial_number_header_name": null,
            "routing_http_request_x_amzn_mtls_clientcert_subject_header_name": null,
            "routing_http_request_x_amzn_mtls_clientcert_validity_header_name": null,
            "routing_http_request_x_amzn_tls_cipher_suite_header_name": null,
            "routing_http_request_x_amzn_tls_version_header_name": null,
            "routing_http_response_access_control_allow_credentials_header_value": "",
            "routing_http_response_access_control_allow_headers_header_value": "",
            "routing_http_response_access_control_allow_methods_header_value": "",
            "routing_http_response_access_control_allow_origin_header_value": "",
            "routing_http_response_access_control_expose_headers_header_value": "",
            "routing_http_response_access_control_max_age_header_value": "",
            "routing_http_response_content_security_policy_header_value": "",
            "routing_http_response_server_enabled": true,
            "routing_http_response_strict_transport_security_header_value": "",
            "routing_http_response_x_content_type_options_header_value": "",
            "routing_http_response_x_frame_options_header_value": "",
            "ssl_policy": "",
            "tags": {},
            "tags_all": {},
            "tcp_idle_timeout_seconds": null,
            "timeouts": null
          },
          "sensitive_attributes": [],
          "private": "eyJlMmJmYjczMC1lY2FhLTExZTYtOGY4OC0zNDM2M2JjN2M0YzAiOnsiY3JlYXRlIjozMDAwMDAwMDAwMDAsInVwZGF0ZSI6MzAwMDAwMDAwMDAwfX0=",
          "dependencies": [
            "aws_lb.z-task10-alb",
            "aws_lb_target_group.z-task10-target-group"
          ]
        }
      ]
    },
    {
      "mode": "managed",
      "type": "aws_lb_target_group",
      "name": "z-task10-target-group",
      "provider": "provider[\"registry.terraform.io/hashicorp/aws\"]",
      "instances": [
        {
          "schema_version": 0,
          "attributes": {
            "arn": "arn:aws:elasticloadbalancing:eu-north-1:607700977843:targetgroup/z-task10-tgv/6c6ccc0ebd715753",
            "arn_suffix": "targetgroup/z-task10-tgv/6c6ccc0ebd715753",
            "connection_termination": null,
            "deregistration_delay": "300",
            "health_check": [
              {
                "enabled": true,
                "healthy_threshold": 2,
                "interval": 30,
                "matcher": "200",
                "path": "/",
                "port": "traffic-port",
                "protocol": "HTTP",
                "timeout": 5,
                "unhealthy_threshold": 2
              }
            ],
            "id": "arn:aws:elasticloadbalancing:eu-north-1:607700977843:targetgroup/z-task10-tgv/6c6ccc0ebd715753",
            "ip_address_type": "ipv4",
            "lambda_multi_value_headers_enabled": false,
            "load_balancer_arns": [
              "arn:aws:elasticloadbalancing:eu-north-1:607700977843:loadbalancer/app/z-task10-alb/41ef2a9a7275380b"
            ],
            "load_balancing_algorithm_type": "round_robin",
            "load_balancing_anomaly_mitigation": "off",
            "load_balancing_cross_zone_enabled": "use_load_balancer_configuration",
            "name": "z-task10-tgv",
            "name_prefix": "",
            "port": 1337,
            "preserve_client_ip": null,
            "protocol": "HTTP",
            "protocol_version": "HTTP1",
            "proxy_protocol_v2": false,
            "region": "eu-north-1",
            "slow_start": 0,
            "stickiness": [
              {
                "cookie_duration": 86400,
                "cookie_name": "",
                "enabled": false,
                "type": "lb_cookie"
              }
            ],
            "tags": {},
            "tags_all": {},
            "target_failover": [
              {
                "on_deregistration": null,
                "on_unhealthy": null
              }
            ],
            "target_group_health": [
              {
                "dns_failover": [
                  {
                    "minimum_healthy_targets_count": "1",
                    "minimum_healthy_targets_percentage": "off"
                  }
                ],
                "unhealthy_state_routing": [
                  {
                    "minimum_healthy_targets_count": 1,
                    "minimum_healthy_targets_percentage": "off"
                  }
                ]
              }
            ],
            "target_health_state": [
              {
                "enable_unhealthy_connection_termination": null,
                "unhealthy_draining_interval": null
              }
            ],
            "target_type": "ip",
            "vpc_id": "vpc-065cf6d69ad9fbf22"
          },
          "sensitive_attributes": [],
          "private": "bnVsbA=="
        }
      ]
    },
    {
      "mode": "managed",
      "type": "aws_lb_target_group",
      "name": "z_task10_tg",
      "provider": "provider[\"registry.terraform.io/hashicorp/aws\"]",
      "instances": [
        {
          "schema_version": 0,
          "attributes": {
            "arn": "arn:aws:elasticloadbalancing:eu-north-1:607700977843:targetgroup/z-task10-tg/5ed5746f4f899ff9",
            "arn_suffix": "targetgroup/z-task10-tg/5ed5746f4f899ff9",
            "connection_termination": null,
            "deregistration_delay": "300",
            "health_check": [
              {
                "enabled": true,
                "healthy_threshold": 2,
                "interval": 30,
                "matcher": "200-399",
                "path": "/_health",
                "port": "traffic-port",
                "protocol": "HTTP",
                "timeout": 5,
                "unhealthy_threshold": 2
              }
            ],
            "id": "arn:aws:elasticloadbalancing:eu-north-1:607700977843:targetgroup/z-task10-tg/5ed5746f4f899ff9",
            "ip_address_type": "ipv4",
            "lambda_multi_value_headers_enabled": false,
            "load_balancer_arns": [],
            "load_balancing_algorithm_type": "round_robin",
            "load_balancing_anomaly_mitigation": "off",
            "load_balancing_cross_zone_enabled": "use_load_balancer_configuration",
            "name": "z-task10-tg",
            "name_prefix": "",
            "port": 1337,
            "preserve_client_ip": null,
            "protocol": "HTTP",
            "protocol_version": "HTTP1",
            "proxy_protocol_v2": false,
            "region": "eu-north-1",
            "slow_start": 0,
            "stickiness": [
              {
                "cookie_duration": 86400,
                "cookie_name": "",
                "enabled": false,
                "type": "lb_cookie"
              }
            ],
            "tags": null,
            "tags_all": {},
            "target_failover": [
              {
                "on_deregistration": null,
                "on_unhealthy": null
              }
            ],
            "target_group_health": [
              {
                "dns_failover": [
                  {
                    "minimum_healthy_targets_count": "1",
                    "minimum_healthy_targets_percentage": "off"
                  }
                ],
                "unhealthy_state_routing": [
                  {
                    "minimum_healthy_targets_count": 1,
                    "minimum_healthy_targets_percentage": "off"
                  }
                ]
              }
            ],
            "target_health_state": [
              {
                "enable_unhealthy_connection_termination": null,
                "unhealthy_draining_interval": null
              }
            ],
            "target_type": "ip",
            "vpc_id": "vpc-065cf6d69ad9fbf22"
          },
          "sensitive_attributes": [],
          "private": "bnVsbA=="
        }
      ]
    }
  ],
  "check_results": null
}
